
Microsoft Visual Studio Solution File, Format Version 12.00
# Visual Studio Version 17
VisualStudioVersion = 17.8.34511.84
MinimumVisualStudioVersion = 10.0.40219.1
Project("{FAE04EC0-301F-11D3-BF4B-00C04F79EFBC}") = "StringLibrary", "StringLibrary\StringLibrary.csproj", "{C830A71F-30C6-4842-BA3E-56C940AB493E}"
EndProject
Project("{FAE04EC0-301F-11D3-BF4B-00C04F79EFBC}") = "TestLibrary", "TestLibrary\TestLibrary.csproj", "{D4CE8096-B6D2-470C-9D01-21E8DF8152A5}"
EndProject
Global
	GlobalSection(SolutionConfigurationPlatforms) = preSolution
		Debug|Any CPU = Debug|Any CPU
		Release|Any CPU = Release|Any CPU
	EndGlobalSection
	GlobalSection(ProjectConfigurationPlatforms) = postSolution
		{C830A71F-30C6-4842-BA3E-56C940AB493E}.Debug|Any CPU.ActiveCfg = Debug|Any CPU
		{C830A71F-30C6-4842-BA3E-56C940AB493E}.Debug|Any CPU.Build.0 = Debug|Any CPU
		{C830A71F-30C6-4842-BA3E-56C940AB493E}.Release|Any CPU.ActiveCfg = Release|Any CPU
		{C830A71F-30C6-4842-BA3E-56C940AB493E}.Release|Any CPU.Build.0 = Release|Any CPU
		{D4CE8096-B6D2-470C-9D01-21E8DF8152A5}.Debug|Any CPU.ActiveCfg = Debug|Any CPU
		{D4CE8096-B6D2-470C-9D01-21E8DF8152A5}.Debug|Any CPU.Build.0 = Debug|Any CPU
		{D4CE8096-B6D2-470C-9D01-21E8DF8152A5}.Release|Any CPU.ActiveCfg = Release|Any CPU
		{D4CE8096-B6D2-470C-9D01-21E8DF8152A5}.Release|Any CPU.Build.0 = Release|Any CPU
	EndGlobalSection
	GlobalSection(SolutionProperties) = preSolution
		HideSolutionNode = FALSE
	EndGlobalSection
	GlobalSection(ExtensibilityGlobals) = postSolution
		SolutionGuid = {E37081A1-0B9A-47BC-BA53-62606987242D}
	EndGlobalSection
EndGlobal
